
Microsoft Visual Studio Solution File, Format Version 12.00
# Visual Studio Version 16
VisualStudioVersion = 16.0.28729.10
MinimumVisualStudioVersion = 10.0.40219.1
Project("{FAE04EC0-301F-11D3-BF4B-00C04F79EFBC}") = "Notatnik", "Notatnik\Notatnik.csproj", "{595B0E66-EC46-4DBA-A173-760855DB5826}"
EndProject
Global
	GlobalSection(SolutionConfigurationPlatforms) = preSolution
		Debug|Any CPU = Debug|Any CPU
		Release|Any CPU = Release|Any CPU
	EndGlobalSection
	GlobalSection(ProjectConfigurationPlatforms) = postSolution
		{595B0E66-EC46-4DBA-A173-760855DB5826}.Debug|Any CPU.ActiveCfg = Debug|Any CPU
		{595B0E66-EC46-4DBA-A173-760855DB5826}.Debug|Any CPU.Build.0 = Debug|Any CPU
		{595B0E66-EC46-4DBA-A173-760855DB5826}.Release|Any CPU.ActiveCfg = Release|Any CPU
		{595B0E66-EC46-4DBA-A173-760855DB5826}.Release|Any CPU.Build.0 = Release|Any CPU
	EndGlobalSection
	GlobalSection(SolutionProperties) = preSolution
		HideSolutionNode = FALSE
	EndGlobalSection
	GlobalSection(ExtensibilityGlobals) = postSolution
		SolutionGuid = {6E6CB80E-1E5D-41F3-B188-BB8D2366C00D}
	EndGlobalSection
EndGlobal
